
Microsoft Visual Studio Solution File, Format Version 12.00
# Visual Studio Version 17
VisualStudioVersion = 17.6.33829.357
MinimumVisualStudioVersion = 10.0.40219.1
Project("{888888A0-9F3D-457C-B088-3A5042F75D52}") = "TicTacToe", "TicTacToe.pyproj", "{566EE7D1-B0A5-4473-B9A8-4C59E269CEDD}"
EndProject
Global
	GlobalSection(SolutionConfigurationPlatforms) = preSolution
		Debug|Any CPU = Debug|Any CPU
		Release|Any CPU = Release|Any CPU
	EndGlobalSection
	GlobalSection(ProjectConfigurationPlatforms) = postSolution
		{566EE7D1-B0A5-4473-B9A8-4C59E269CEDD}.Debug|Any CPU.ActiveCfg = Debug|Any CPU
		{566EE7D1-B0A5-4473-B9A8-4C59E269CEDD}.Release|Any CPU.ActiveCfg = Release|Any CPU
	EndGlobalSection
	GlobalSection(SolutionProperties) = preSolution
		HideSolutionNode = FALSE
	EndGlobalSection
	GlobalSection(ExtensibilityGlobals) = postSolution
		SolutionGuid = {86D3E223-DECA-4D74-A255-4F2BE139A3AC}
	EndGlobalSection
EndGlobal
